
Microsoft Visual Studio Solution File, Format Version 12.00
# Visual Studio Version 17
VisualStudioVersion = 17.0.31717.71
MinimumVisualStudioVersion = 10.0.40219.1
Project("{9A19103F-16F7-4668-BE54-9A1E7A4F7556}") = "LoginService", "src\LoginService\LoginService.csproj", "{F4753B59-2D04-4D5F-AC8B-840A89D44139}"
EndProject
Project("{2150E333-8FDC-42A3-9474-1A3956D46DE8}") = "src", "src", "{AA32CBDE-475F-4DE4-846F-6CCDC2CCED80}"
EndProject
Project("{9A19103F-16F7-4668-BE54-9A1E7A4F7556}") = "Services.Shared", "src\Services.Shared\Services.Shared.csproj", "{BBE3D99A-8AC9-49A8-BAFE-44BFA5138163}"
EndProject
Project("{9A19103F-16F7-4668-BE54-9A1E7A4F7556}") = "ResourceService", "src\ResourceService\ResourceService.csproj", "{CF205C8A-FD73-4432-81DB-36D338940933}"
EndProject
Project("{9A19103F-16F7-4668-BE54-9A1E7A4F7556}") = "LoggingService", "src\LoggingService\LoggingService.csproj", "{A285C246-EA6E-4452-B606-B768B0B477CB}"
EndProject
Project("{9A19103F-16F7-4668-BE54-9A1E7A4F7556}") = "MonitoringService", "src\MonitoringService\MonitoringService.csproj", "{31F1F6DC-2377-455C-87AD-AD70320AF398}"
EndProject
Project("{9A19103F-16F7-4668-BE54-9A1E7A4F7556}") = "YARPService", "src\YARPService\YARPService.csproj", "{08FDA2A8-233C-4C4B-A1B6-793802C2D504}"
EndProject
Project("{2150E333-8FDC-42A3-9474-1A3956D46DE8}") = "Solution Items", "Solution Items", "{1902BBBA-BAE2-4713-A403-1DB3FEDE687B}"
	ProjectSection(SolutionItems) = preProject
		.dockerignore = .dockerignore
		.editorconfig = .editorconfig
		.editorconfig.inferred = .editorconfig.inferred
		.gitignore = .gitignore
		Directory.Build.props = Directory.Build.props
		global.json = global.json
		LICENSE = LICENSE
		NuGet.Config = NuGet.Config
		README.md = README.md
		skaffold.yaml = skaffold.yaml
		tye.yaml = tye.yaml
	EndProjectSection
EndProject
Project("{9A19103F-16F7-4668-BE54-9A1E7A4F7556}") = "NotificationService", "src\NotificationService\NotificationService.csproj", "{CAA0F77E-18EC-4613-8B79-CAE3F20BE647}"
EndProject
Project("{2150E333-8FDC-42A3-9474-1A3956D46DE8}") = "build", "build", "{DFAC8E33-6AC2-4828-A221-7FA9A7BEE40E}"
EndProject
Project("{9A19103F-16F7-4668-BE54-9A1E7A4F7556}") = "SampleConsole", "src\SampleConsole\SampleConsole.csproj", "{DA482871-C6D1-4C31-88BF-968A27EFED66}"
EndProject
Project("{9A19103F-16F7-4668-BE54-9A1E7A4F7556}") = "_build", "build\_build.csproj", "{F6704889-A359-4936-8860-D42A949996F7}"
EndProject
Project("{2150E333-8FDC-42A3-9474-1A3956D46DE8}") = "tests", "tests", "{4034E83F-7895-4B6B-8375-BE99160CED0A}"
EndProject
Project("{2150E333-8FDC-42A3-9474-1A3956D46DE8}") = "K6.LoadTests", "K6.LoadTests", "{463142AE-0378-4101-9583-561A7C79F899}"
	ProjectSection(SolutionItems) = preProject
		tests\K6.LoadTests\script.js = tests\K6.LoadTests\script.js
	EndProjectSection
EndProject
Project("{9A19103F-16F7-4668-BE54-9A1E7A4F7556}") = "Angular.Bootstrapped", "src\Angular.Bootstrapped\Angular.Bootstrapped.csproj", "{97F9AF4D-CA18-4AB1-9825-40888B9AAFD0}"
EndProject
Project("{9A19103F-16F7-4668-BE54-9A1E7A4F7556}") = "DuendeLoginService", "src\DuendeLoginService\DuendeLoginService.csproj", "{0B936438-4BCF-44A4-984D-22A150EF93B9}"
EndProject
Project("{9A19103F-16F7-4668-BE54-9A1E7A4F7556}") = "ChaosResilientService", "src\ChaosResilientService\ChaosResilientService.csproj", "{BB94FFEF-6838-499F-AF57-940C5D92D91B}"
EndProject
Project("{9A19103F-16F7-4668-BE54-9A1E7A4F7556}") = "Orchard.Core.OpenIddict", "src\Orchard.Core.OpenIddict\Orchard.Core.OpenIddict.csproj", "{92692D30-27AE-4317-889C-B689EB184634}"
EndProject
Global
	GlobalSection(SolutionConfigurationPlatforms) = preSolution
		Debug|Any CPU = Debug|Any CPU
		Release|Any CPU = Release|Any CPU
	EndGlobalSection
	GlobalSection(ProjectConfigurationPlatforms) = postSolution
		{F4753B59-2D04-4D5F-AC8B-840A89D44139}.Debug|Any CPU.ActiveCfg = Debug|Any CPU
		{F4753B59-2D04-4D5F-AC8B-840A89D44139}.Debug|Any CPU.Build.0 = Debug|Any CPU
		{F4753B59-2D04-4D5F-AC8B-840A89D44139}.Release|Any CPU.ActiveCfg = Release|Any CPU
		{F4753B59-2D04-4D5F-AC8B-840A89D44139}.Release|Any CPU.Build.0 = Release|Any CPU
		{BBE3D99A-8AC9-49A8-BAFE-44BFA5138163}.Debug|Any CPU.ActiveCfg = Debug|Any CPU
		{BBE3D99A-8AC9-49A8-BAFE-44BFA5138163}.Debug|Any CPU.Build.0 = Debug|Any CPU
		{BBE3D99A-8AC9-49A8-BAFE-44BFA5138163}.Release|Any CPU.ActiveCfg = Release|Any CPU
		{BBE3D99A-8AC9-49A8-BAFE-44BFA5138163}.Release|Any CPU.Build.0 = Release|Any CPU
		{CF205C8A-FD73-4432-81DB-36D338940933}.Debug|Any CPU.ActiveCfg = Debug|Any CPU
		{CF205C8A-FD73-4432-81DB-36D338940933}.Debug|Any CPU.Build.0 = Debug|Any CPU
		{CF205C8A-FD73-4432-81DB-36D338940933}.Release|Any CPU.ActiveCfg = Release|Any CPU
		{CF205C8A-FD73-4432-81DB-36D338940933}.Release|Any CPU.Build.0 = Release|Any CPU
		{A285C246-EA6E-4452-B606-B768B0B477CB}.Debug|Any CPU.ActiveCfg = Debug|Any CPU
		{A285C246-EA6E-4452-B606-B768B0B477CB}.Debug|Any CPU.Build.0 = Debug|Any CPU
		{A285C246-EA6E-4452-B606-B768B0B477CB}.Release|Any CPU.ActiveCfg = Release|Any CPU
		{A285C246-EA6E-4452-B606-B768B0B477CB}.Release|Any CPU.Build.0 = Release|Any CPU
		{31F1F6DC-2377-455C-87AD-AD70320AF398}.Debug|Any CPU.ActiveCfg = Debug|Any CPU
		{31F1F6DC-2377-455C-87AD-AD70320AF398}.Debug|Any CPU.Build.0 = Debug|Any CPU
		{31F1F6DC-2377-455C-87AD-AD70320AF398}.Release|Any CPU.ActiveCfg = Release|Any CPU
		{31F1F6DC-2377-455C-87AD-AD70320AF398}.Release|Any CPU.Build.0 = Release|Any CPU
		{08FDA2A8-233C-4C4B-A1B6-793802C2D504}.Debug|Any CPU.ActiveCfg = Debug|Any CPU
		{08FDA2A8-233C-4C4B-A1B6-793802C2D504}.Debug|Any CPU.Build.0 = Debug|Any CPU
		{08FDA2A8-233C-4C4B-A1B6-793802C2D504}.Release|Any CPU.ActiveCfg = Release|Any CPU
		{08FDA2A8-233C-4C4B-A1B6-793802C2D504}.Release|Any CPU.Build.0 = Release|Any CPU
		{CAA0F77E-18EC-4613-8B79-CAE3F20BE647}.Debug|Any CPU.ActiveCfg = Debug|Any CPU
		{CAA0F77E-18EC-4613-8B79-CAE3F20BE647}.Debug|Any CPU.Build.0 = Debug|Any CPU
		{CAA0F77E-18EC-4613-8B79-CAE3F20BE647}.Release|Any CPU.ActiveCfg = Release|Any CPU
		{CAA0F77E-18EC-4613-8B79-CAE3F20BE647}.Release|Any CPU.Build.0 = Release|Any CPU
		{DA482871-C6D1-4C31-88BF-968A27EFED66}.Debug|Any CPU.ActiveCfg = Debug|Any CPU
		{DA482871-C6D1-4C31-88BF-968A27EFED66}.Debug|Any CPU.Build.0 = Debug|Any CPU
		{DA482871-C6D1-4C31-88BF-968A27EFED66}.Release|Any CPU.ActiveCfg = Release|Any CPU
		{DA482871-C6D1-4C31-88BF-968A27EFED66}.Release|Any CPU.Build.0 = Release|Any CPU
		{F6704889-A359-4936-8860-D42A949996F7}.Debug|Any CPU.ActiveCfg = Debug|Any CPU
		{F6704889-A359-4936-8860-D42A949996F7}.Debug|Any CPU.Build.0 = Debug|Any CPU
		{F6704889-A359-4936-8860-D42A949996F7}.Release|Any CPU.ActiveCfg = Release|Any CPU
		{F6704889-A359-4936-8860-D42A949996F7}.Release|Any CPU.Build.0 = Release|Any CPU
		{97F9AF4D-CA18-4AB1-9825-40888B9AAFD0}.Debug|Any CPU.ActiveCfg = Debug|Any CPU
		{97F9AF4D-CA18-4AB1-9825-40888B9AAFD0}.Debug|Any CPU.Build.0 = Debug|Any CPU
		{97F9AF4D-CA18-4AB1-9825-40888B9AAFD0}.Release|Any CPU.ActiveCfg = Release|Any CPU
		{97F9AF4D-CA18-4AB1-9825-40888B9AAFD0}.Release|Any CPU.Build.0 = Release|Any CPU
		{0B936438-4BCF-44A4-984D-22A150EF93B9}.Debug|Any CPU.ActiveCfg = Debug|Any CPU
		{0B936438-4BCF-44A4-984D-22A150EF93B9}.Debug|Any CPU.Build.0 = Debug|Any CPU
		{0B936438-4BCF-44A4-984D-22A150EF93B9}.Release|Any CPU.ActiveCfg = Release|Any CPU
		{0B936438-4BCF-44A4-984D-22A150EF93B9}.Release|Any CPU.Build.0 = Release|Any CPU
		{BB94FFEF-6838-499F-AF57-940C5D92D91B}.Debug|Any CPU.ActiveCfg = Debug|Any CPU
		{BB94FFEF-6838-499F-AF57-940C5D92D91B}.Debug|Any CPU.Build.0 = Debug|Any CPU
		{BB94FFEF-6838-499F-AF57-940C5D92D91B}.Release|Any CPU.ActiveCfg = Release|Any CPU
		{BB94FFEF-6838-499F-AF57-940C5D92D91B}.Release|Any CPU.Build.0 = Release|Any CPU
		{92692D30-27AE-4317-889C-B689EB184634}.Debug|Any CPU.ActiveCfg = Debug|Any CPU
		{92692D30-27AE-4317-889C-B689EB184634}.Debug|Any CPU.Build.0 = Debug|Any CPU
		{92692D30-27AE-4317-889C-B689EB184634}.Release|Any CPU.ActiveCfg = Release|Any CPU
		{92692D30-27AE-4317-889C-B689EB184634}.Release|Any CPU.Build.0 = Release|Any CPU
	EndGlobalSection
	GlobalSection(SolutionProperties) = preSolution
		HideSolutionNode = FALSE
	EndGlobalSection
	GlobalSection(NestedProjects) = preSolution
		{F4753B59-2D04-4D5F-AC8B-840A89D44139} = {AA32CBDE-475F-4DE4-846F-6CCDC2CCED80}
		{BBE3D99A-8AC9-49A8-BAFE-44BFA5138163} = {AA32CBDE-475F-4DE4-846F-6CCDC2CCED80}
		{CF205C8A-FD73-4432-81DB-36D338940933} = {AA32CBDE-475F-4DE4-846F-6CCDC2CCED80}
		{A285C246-EA6E-4452-B606-B768B0B477CB} = {AA32CBDE-475F-4DE4-846F-6CCDC2CCED80}
		{31F1F6DC-2377-455C-87AD-AD70320AF398} = {AA32CBDE-475F-4DE4-846F-6CCDC2CCED80}
		{08FDA2A8-233C-4C4B-A1B6-793802C2D504} = {AA32CBDE-475F-4DE4-846F-6CCDC2CCED80}
		{CAA0F77E-18EC-4613-8B79-CAE3F20BE647} = {AA32CBDE-475F-4DE4-846F-6CCDC2CCED80}
		{DA482871-C6D1-4C31-88BF-968A27EFED66} = {AA32CBDE-475F-4DE4-846F-6CCDC2CCED80}
		{F6704889-A359-4936-8860-D42A949996F7} = {DFAC8E33-6AC2-4828-A221-7FA9A7BEE40E}
		{463142AE-0378-4101-9583-561A7C79F899} = {4034E83F-7895-4B6B-8375-BE99160CED0A}
		{97F9AF4D-CA18-4AB1-9825-40888B9AAFD0} = {AA32CBDE-475F-4DE4-846F-6CCDC2CCED80}
		{0B936438-4BCF-44A4-984D-22A150EF93B9} = {AA32CBDE-475F-4DE4-846F-6CCDC2CCED80}
		{BB94FFEF-6838-499F-AF57-940C5D92D91B} = {AA32CBDE-475F-4DE4-846F-6CCDC2CCED80}
		{92692D30-27AE-4317-889C-B689EB184634} = {AA32CBDE-475F-4DE4-846F-6CCDC2CCED80}
	EndGlobalSection
	GlobalSection(ExtensibilityGlobals) = postSolution
		SolutionGuid = {DF796BA0-C92D-45D5-9085-8B6CA551F30E}
	EndGlobalSection
EndGlobal
